
Microsoft Visual Studio Solution File, Format Version 12.00
# Visual Studio Version 17
VisualStudioVersion = 17.3.32922.545
MinimumVisualStudioVersion = 10.0.40219.1
Project("{FAE04EC0-301F-11D3-BF4B-00C04F79EFBC}") = "WebApplication204", "WebApplication204\WebApplication204.csproj", "{AD4EA44D-9D3C-4C97-835D-3914526D934F}"
EndProject
Global
	GlobalSection(SolutionConfigurationPlatforms) = preSolution
		Debug|Any CPU = Debug|Any CPU
		Release|Any CPU = Release|Any CPU
	EndGlobalSection
	GlobalSection(ProjectConfigurationPlatforms) = postSolution
		{AD4EA44D-9D3C-4C97-835D-3914526D934F}.Debug|Any CPU.ActiveCfg = Debug|Any CPU
		{AD4EA44D-9D3C-4C97-835D-3914526D934F}.Debug|Any CPU.Build.0 = Debug|Any CPU
		{AD4EA44D-9D3C-4C97-835D-3914526D934F}.Release|Any CPU.ActiveCfg = Release|Any CPU
		{AD4EA44D-9D3C-4C97-835D-3914526D934F}.Release|Any CPU.Build.0 = Release|Any CPU
	EndGlobalSection
	GlobalSection(SolutionProperties) = preSolution
		HideSolutionNode = FALSE
	EndGlobalSection
	GlobalSection(ExtensibilityGlobals) = postSolution
		SolutionGuid = {AF313A81-B483-4A15-B123-A4127E87C2D0}
	EndGlobalSection
EndGlobal
